
Microsoft Visual Studio Solution File, Format Version 12.00
# Visual Studio Version 17
VisualStudioVersion = 17.0.31912.275
MinimumVisualStudioVersion = 10.0.40219.1
Project("{312b59d1-908a-4843-b355-8c33ba914652}") = "Race", "Race\Race.csproj", "{8c9f7e22-346c-4f19-b304-99bd9cb2c569}"
EndProject
Global
	GlobalSection(SolutionConfigurationPlatforms) = preSolution
		Debug|Any CPU = Debug|Any CPU
		Release|Any CPU = Release|Any CPU
	EndGlobalSection
	GlobalSection(ProjectConfigurationPlatforms) = postSolution
		{8c9f7e22-346c-4f19-b304-99bd9cb2c569}.Debug|Any CPU.ActiveCfg = Debug|Any CPU
		{8c9f7e22-346c-4f19-b304-99bd9cb2c569}.Debug|Any CPU.Build.0 = Debug|Any CPU
		{8c9f7e22-346c-4f19-b304-99bd9cb2c569}.Release|Any CPU.ActiveCfg = Release|Any CPU
		{8c9f7e22-346c-4f19-b304-99bd9cb2c569}.Release|Any CPU.Build.0 = Release|Any CPU
	EndGlobalSection
	GlobalSection(SolutionProperties) = preSolution
		HideSolutionNode = FALSE
	EndGlobalSection
	GlobalSection(ExtensibilityGlobals) = postSolution
		SolutionGuid = {4dee3c9c-5fbd-4066-b0a5-2bc1fc3fc959}
	EndGlobalSection
EndGlobal
